
Microsoft Visual Studio Solution File, Format Version 12.00
# Visual Studio Version 17
VisualStudioVersion = 17.10.35027.167
MinimumVisualStudioVersion = 10.0.40219.1
Project("{9A19103F-16F7-4668-BE54-9A1E7A4F7556}") = "RestaurantReservation", "RestaurantReservation\RestaurantReservation.csproj", "{9498ED18-987F-4DF4-B18A-FF0E1B5C28A8}"
EndProject
Project("{9A19103F-16F7-4668-BE54-9A1E7A4F7556}") = "RestaurantReservation.Db", "RestaurantReservation.Db\RestaurantReservation.Db.csproj", "{F2D1A216-2E7A-4805-93D8-D86148A46EEE}"
EndProject
Global
	GlobalSection(SolutionConfigurationPlatforms) = preSolution
		Debug|Any CPU = Debug|Any CPU
		Release|Any CPU = Release|Any CPU
	EndGlobalSection
	GlobalSection(ProjectConfigurationPlatforms) = postSolution
		{9498ED18-987F-4DF4-B18A-FF0E1B5C28A8}.Debug|Any CPU.ActiveCfg = Debug|Any CPU
		{9498ED18-987F-4DF4-B18A-FF0E1B5C28A8}.Debug|Any CPU.Build.0 = Debug|Any CPU
		{9498ED18-987F-4DF4-B18A-FF0E1B5C28A8}.Release|Any CPU.ActiveCfg = Release|Any CPU
		{9498ED18-987F-4DF4-B18A-FF0E1B5C28A8}.Release|Any CPU.Build.0 = Release|Any CPU
		{F2D1A216-2E7A-4805-93D8-D86148A46EEE}.Debug|Any CPU.ActiveCfg = Debug|Any CPU
		{F2D1A216-2E7A-4805-93D8-D86148A46EEE}.Debug|Any CPU.Build.0 = Debug|Any CPU
		{F2D1A216-2E7A-4805-93D8-D86148A46EEE}.Release|Any CPU.ActiveCfg = Release|Any CPU
		{F2D1A216-2E7A-4805-93D8-D86148A46EEE}.Release|Any CPU.Build.0 = Release|Any CPU
	EndGlobalSection
	GlobalSection(SolutionProperties) = preSolution
		HideSolutionNode = FALSE
	EndGlobalSection
	GlobalSection(ExtensibilityGlobals) = postSolution
		SolutionGuid = {E33D233B-9D97-46F1-8FE9-BF56ADD0BE29}
	EndGlobalSection
EndGlobal
